github.com/avct/uasurfer v0.0.0-20190821150637-906cc7dc6197 h1:E7XoJNlFlrtC6dlRG9SoGBwJpX8vD7fNTKRmgSwAj5I=
github.com/avct/uasurfer v0.0.0-20190821150637-906cc7dc6197/go.mod h1:noBAuukeYOXa0aXGqxr24tADqkwDO2KRD15FsuaZ5a8=
github.com/avct/uasurfer v0.0.0-20191028135549-26b5daa857f1 h1:9h8f71kuF1pqovnn9h7LTHLEjxzyQaj0j1rQq5nsMM4=
github.com/avct/uasurfer v0.0.0-20191028135549-26b5daa857f1/go.mod h1:noBAuukeYOXa0aXGqxr24tADqkwDO2KRD15FsuaZ5a8=
github.com/blang/semver v3.5.1+incompatible h1:cQNTCjp13qL8KC3Nbxr/y2Bqb63oX6wdnnjpJbkM4JQ=
github.com/blang/semver v3.5.1+incompatible/go.mod h1:kRBLl5iJ+tD4TcOOxsy/0fnwebNt5EWlYSAyrTnjyyk=
github.com/mileusna/useragent v0.0.0-20190129205925-3e331f0949a5 h1:pXqZHmHOz6LN+zbbUgqyGgAWRnnZEI40IzG3tMsXcSI=
github.com/mileusna/useragent v0.0.0-20190129205925-3e331f0949a5/go.mod h1:JWhYAp2EXqUtsxTKdeGlY8Wp44M7VxThC9FEoNGi2IE=
github.com/varstr/uaparser v0.0.0-20170929040706-6aabb7c4e98c h1:784GLmmj3iqWZeOY7efptvOuRYaJTvBoV8+uoq/xixM=
github.com/varstr/uaparser v0.0.0-20170929040706-6aabb7c4e98c/go.mod h1:9wVl9Rgdg833kk+jjlKxQpR/sSHYpoINxJBFufqj/Cw=
xojoc.pw/useragent v0.0.0-20170215185434-52903803fc66 h1:j5PlwzvW29USBoG/MvJPT5kDvX+0+lVLlOdnujOlN94=
xojoc.pw/useragent v0.0.0-20170215185434-52903803fc66/go.mod h1:71om/Qz9HbIEjbUrkrzmJiF26FSh6tcwqSFdBBkLtJQ=
