github.com/avct/uasurfer v0.0.0-20191028135549-26b5daa857f1 h1:9h8f71kuF1pqovnn9h7LTHLEjxzyQaj0j1rQq5nsMM4=
github.com/avct/uasurfer v0.0.0-20191028135549-26b5daa857f1/go.mod h1:noBAuukeYOXa0aXGqxr24tADqkwDO2KRD15FsuaZ5a8=
github.com/blang/semver v3.5.1+incompatible h1:cQNTCjp13qL8KC3Nbxr/y2Bqb63oX6wdnnjpJbkM4JQ=
github.com/blang/semver v3.5.1+incompatible/go.mod h1:kRBLl5iJ+tD4TcOOxsy/0fnwebNt5EWlYSAyrTnjyyk=
github.com/mileusna/useragent v0.0.0-20200130135054-eb80d80699e8 h1:9llJ2FwJA1bnf2d/VWxClO6Zn3groOgUiHiPPtS1zI4=
github.com/mileusna/useragent v0.0.0-20200130135054-eb80d80699e8/go.mod h1:JWhYAp2EXqUtsxTKdeGlY8Wp44M7VxThC9FEoNGi2IE=
github.com/varstr/uaparser v0.0.0-20170929040706-6aabb7c4e98c h1:784GLmmj3iqWZeOY7efptvOuRYaJTvBoV8+uoq/xixM=
github.com/varstr/uaparser v0.0.0-20170929040706-6aabb7c4e98c/go.mod h1:9wVl9Rgdg833kk+jjlKxQpR/sSHYpoINxJBFufqj/Cw=
github.com/xojoc/useragent v0.0.0-20200116211053-1ec61d55e8fe h1:wZvowxeQDplr0N50mtaKc6Y3vF7CvJTreA2eo1FtIi4=
github.com/xojoc/useragent v0.0.0-20200116211053-1ec61d55e8fe/go.mod h1:3SrcTmgUCXqpF8A4rZ3IPvnRzvwWqNFNqtSJ19P94g4=
